
Microsoft Visual Studio Solution File, Format Version 12.00
# Visual Studio Version 16
VisualStudioVersion = 16.0.35731.53
MinimumVisualStudioVersion = 10.0.40219.1
Project("{FAE04EC0-301F-11D3-BF4B-00C04F79EFBC}") = "Web_API", "Web_API\Web_API.csproj", "{CA18BD27-EED0-4D81-A6F5-DEF586BCD93D}"
EndProject
Global
	GlobalSection(SolutionConfigurationPlatforms) = preSolution
		Debug|Any CPU = Debug|Any CPU
		Release|Any CPU = Release|Any CPU
	EndGlobalSection
	GlobalSection(ProjectConfigurationPlatforms) = postSolution
		{CA18BD27-EED0-4D81-A6F5-DEF586BCD93D}.Debug|Any CPU.ActiveCfg = Debug|Any CPU
		{CA18BD27-EED0-4D81-A6F5-DEF586BCD93D}.Debug|Any CPU.Build.0 = Debug|Any CPU
		{CA18BD27-EED0-4D81-A6F5-DEF586BCD93D}.Release|Any CPU.ActiveCfg = Release|Any CPU
		{CA18BD27-EED0-4D81-A6F5-DEF586BCD93D}.Release|Any CPU.Build.0 = Release|Any CPU
	EndGlobalSection
	GlobalSection(SolutionProperties) = preSolution
		HideSolutionNode = FALSE
	EndGlobalSection
	GlobalSection(ExtensibilityGlobals) = postSolution
		SolutionGuid = {838011AC-9A62-4F59-9E76-07E88893E5A8}
	EndGlobalSection
EndGlobal
